
Microsoft Visual Studio Solution File, Format Version 11.00
# Visual Studio 2010
Project("{F184B08F-C81C-45F6-A57F-5ABD9991F28F}") = "Fringe Projection Simulator 2013", "Fringe Projection Simulator 2013\Fringe Projection Simulator 2013.vbproj", "{F9366705-3ED5-4983-A4D6-F74CD7E36F51}"
EndProject
Global
	GlobalSection(SolutionConfigurationPlatforms) = preSolution
		Debug|x86 = Debug|x86
		Release|x86 = Release|x86
	EndGlobalSection
	GlobalSection(ProjectConfigurationPlatforms) = postSolution
		{F9366705-3ED5-4983-A4D6-F74CD7E36F51}.Debug|x86.ActiveCfg = Debug|x86
		{F9366705-3ED5-4983-A4D6-F74CD7E36F51}.Debug|x86.Build.0 = Debug|x86
		{F9366705-3ED5-4983-A4D6-F74CD7E36F51}.Release|x86.ActiveCfg = Release|x86
		{F9366705-3ED5-4983-A4D6-F74CD7E36F51}.Release|x86.Build.0 = Release|x86
	EndGlobalSection
	GlobalSection(SolutionProperties) = preSolution
		HideSolutionNode = FALSE
	EndGlobalSection
EndGlobal
